
Microsoft Visual Studio Solution File, Format Version 12.00
# Visual Studio 15
VisualStudioVersion = 15.0.28307.2092
MinimumVisualStudioVersion = 10.0.40219.1
Project("{8BC9CEB8-8B4A-11D0-8D11-00A0C91BC942}") = "bipartite graph final", "bipartite graph final\bipartite graph final.vcxproj", "{C59A4C1C-74C6-432C-A334-0686BF80AF13}"
EndProject
Global
	GlobalSection(SolutionConfigurationPlatforms) = preSolution
		Debug|x64 = Debug|x64
		Debug|x86 = Debug|x86
		Release|x64 = Release|x64
		Release|x86 = Release|x86
	EndGlobalSection
	GlobalSection(ProjectConfigurationPlatforms) = postSolution
		{C59A4C1C-74C6-432C-A334-0686BF80AF13}.Debug|x64.ActiveCfg = Debug|x64
		{C59A4C1C-74C6-432C-A334-0686BF80AF13}.Debug|x64.Build.0 = Debug|x64
		{C59A4C1C-74C6-432C-A334-0686BF80AF13}.Debug|x86.ActiveCfg = Debug|Win32
		{C59A4C1C-74C6-432C-A334-0686BF80AF13}.Debug|x86.Build.0 = Debug|Win32
		{C59A4C1C-74C6-432C-A334-0686BF80AF13}.Release|x64.ActiveCfg = Release|x64
		{C59A4C1C-74C6-432C-A334-0686BF80AF13}.Release|x64.Build.0 = Release|x64
		{C59A4C1C-74C6-432C-A334-0686BF80AF13}.Release|x86.ActiveCfg = Release|Win32
		{C59A4C1C-74C6-432C-A334-0686BF80AF13}.Release|x86.Build.0 = Release|Win32
	EndGlobalSection
	GlobalSection(SolutionProperties) = preSolution
		HideSolutionNode = FALSE
	EndGlobalSection
	GlobalSection(ExtensibilityGlobals) = postSolution
		SolutionGuid = {FECCE32A-B94A-4AF3-8FB4-82F9CBB2B749}
	EndGlobalSection
EndGlobal
