
Microsoft Visual Studio Solution File, Format Version 12.00
# Visual Studio 15
VisualStudioVersion = 15.0.28307.2092
MinimumVisualStudioVersion = 10.0.40219.1
Project("{8BC9CEB8-8B4A-11D0-8D11-00A0C91BC942}") = "cycleDetectAnyCycle", "cycleDetectAnyCycle\cycleDetectAnyCycle.vcxproj", "{63227E89-771E-4764-9E6F-67132FD43085}"
EndProject
Global
	GlobalSection(SolutionConfigurationPlatforms) = preSolution
		Debug|x64 = Debug|x64
		Debug|x86 = Debug|x86
		Release|x64 = Release|x64
		Release|x86 = Release|x86
	EndGlobalSection
	GlobalSection(ProjectConfigurationPlatforms) = postSolution
		{63227E89-771E-4764-9E6F-67132FD43085}.Debug|x64.ActiveCfg = Debug|x64
		{63227E89-771E-4764-9E6F-67132FD43085}.Debug|x64.Build.0 = Debug|x64
		{63227E89-771E-4764-9E6F-67132FD43085}.Debug|x86.ActiveCfg = Debug|Win32
		{63227E89-771E-4764-9E6F-67132FD43085}.Debug|x86.Build.0 = Debug|Win32
		{63227E89-771E-4764-9E6F-67132FD43085}.Release|x64.ActiveCfg = Release|x64
		{63227E89-771E-4764-9E6F-67132FD43085}.Release|x64.Build.0 = Release|x64
		{63227E89-771E-4764-9E6F-67132FD43085}.Release|x86.ActiveCfg = Release|Win32
		{63227E89-771E-4764-9E6F-67132FD43085}.Release|x86.Build.0 = Release|Win32
	EndGlobalSection
	GlobalSection(SolutionProperties) = preSolution
		HideSolutionNode = FALSE
	EndGlobalSection
	GlobalSection(ExtensibilityGlobals) = postSolution
		SolutionGuid = {77FE1109-2EDD-4281-8D42-98861D40E4C8}
	EndGlobalSection
EndGlobal
