
Microsoft Visual Studio Solution File, Format Version 12.00
# Visual Studio 15
VisualStudioVersion = 15.0.28307.2092
MinimumVisualStudioVersion = 10.0.40219.1
Project("{8BC9CEB8-8B4A-11D0-8D11-00A0C91BC942}") = "Mr Kim", "Mr Kim\Mr Kim.vcxproj", "{0D04DF81-C141-45A3-9B22-8F1A02E47BE7}"
EndProject
Global
	GlobalSection(SolutionConfigurationPlatforms) = preSolution
		Debug|x64 = Debug|x64
		Debug|x86 = Debug|x86
		Release|x64 = Release|x64
		Release|x86 = Release|x86
	EndGlobalSection
	GlobalSection(ProjectConfigurationPlatforms) = postSolution
		{0D04DF81-C141-45A3-9B22-8F1A02E47BE7}.Debug|x64.ActiveCfg = Debug|x64
		{0D04DF81-C141-45A3-9B22-8F1A02E47BE7}.Debug|x64.Build.0 = Debug|x64
		{0D04DF81-C141-45A3-9B22-8F1A02E47BE7}.Debug|x86.ActiveCfg = Debug|Win32
		{0D04DF81-C141-45A3-9B22-8F1A02E47BE7}.Debug|x86.Build.0 = Debug|Win32
		{0D04DF81-C141-45A3-9B22-8F1A02E47BE7}.Release|x64.ActiveCfg = Release|x64
		{0D04DF81-C141-45A3-9B22-8F1A02E47BE7}.Release|x64.Build.0 = Release|x64
		{0D04DF81-C141-45A3-9B22-8F1A02E47BE7}.Release|x86.ActiveCfg = Release|Win32
		{0D04DF81-C141-45A3-9B22-8F1A02E47BE7}.Release|x86.Build.0 = Release|Win32
	EndGlobalSection
	GlobalSection(SolutionProperties) = preSolution
		HideSolutionNode = FALSE
	EndGlobalSection
	GlobalSection(ExtensibilityGlobals) = postSolution
		SolutionGuid = {83EF72D8-D9A5-46CE-91BC-75C5A93D0358}
	EndGlobalSection
EndGlobal
