
Microsoft Visual Studio Solution File, Format Version 12.00
# Visual Studio 15
VisualStudioVersion = 15.0.28307.2092
MinimumVisualStudioVersion = 10.0.40219.1
Project("{8BC9CEB8-8B4A-11D0-8D11-00A0C91BC942}") = "Flip Column", "Flip Column\Flip Column.vcxproj", "{5EEAF2B3-67E1-474F-A1BC-A0FAFD54D4D8}"
EndProject
Global
	GlobalSection(SolutionConfigurationPlatforms) = preSolution
		Debug|x64 = Debug|x64
		Debug|x86 = Debug|x86
		Release|x64 = Release|x64
		Release|x86 = Release|x86
	EndGlobalSection
	GlobalSection(ProjectConfigurationPlatforms) = postSolution
		{5EEAF2B3-67E1-474F-A1BC-A0FAFD54D4D8}.Debug|x64.ActiveCfg = Debug|x64
		{5EEAF2B3-67E1-474F-A1BC-A0FAFD54D4D8}.Debug|x64.Build.0 = Debug|x64
		{5EEAF2B3-67E1-474F-A1BC-A0FAFD54D4D8}.Debug|x86.ActiveCfg = Debug|Win32
		{5EEAF2B3-67E1-474F-A1BC-A0FAFD54D4D8}.Debug|x86.Build.0 = Debug|Win32
		{5EEAF2B3-67E1-474F-A1BC-A0FAFD54D4D8}.Release|x64.ActiveCfg = Release|x64
		{5EEAF2B3-67E1-474F-A1BC-A0FAFD54D4D8}.Release|x64.Build.0 = Release|x64
		{5EEAF2B3-67E1-474F-A1BC-A0FAFD54D4D8}.Release|x86.ActiveCfg = Release|Win32
		{5EEAF2B3-67E1-474F-A1BC-A0FAFD54D4D8}.Release|x86.Build.0 = Release|Win32
	EndGlobalSection
	GlobalSection(SolutionProperties) = preSolution
		HideSolutionNode = FALSE
	EndGlobalSection
	GlobalSection(ExtensibilityGlobals) = postSolution
		SolutionGuid = {D3BD47CE-7AE3-4CB1-89C0-F8205BCA1001}
	EndGlobalSection
EndGlobal
