
Microsoft Visual Studio Solution File, Format Version 12.00
# Visual Studio 15
VisualStudioVersion = 15.0.28307.2092
MinimumVisualStudioVersion = 10.0.40219.1
Project("{8BC9CEB8-8B4A-11D0-8D11-00A0C91BC942}") = "burstBallonFinal", "burstBallonFinal\burstBallonFinal.vcxproj", "{58558218-06D1-48BA-A86E-4AF3AC0D142B}"
EndProject
Global
	GlobalSection(SolutionConfigurationPlatforms) = preSolution
		Debug|x64 = Debug|x64
		Debug|x86 = Debug|x86
		Release|x64 = Release|x64
		Release|x86 = Release|x86
	EndGlobalSection
	GlobalSection(ProjectConfigurationPlatforms) = postSolution
		{58558218-06D1-48BA-A86E-4AF3AC0D142B}.Debug|x64.ActiveCfg = Debug|x64
		{58558218-06D1-48BA-A86E-4AF3AC0D142B}.Debug|x64.Build.0 = Debug|x64
		{58558218-06D1-48BA-A86E-4AF3AC0D142B}.Debug|x86.ActiveCfg = Debug|Win32
		{58558218-06D1-48BA-A86E-4AF3AC0D142B}.Debug|x86.Build.0 = Debug|Win32
		{58558218-06D1-48BA-A86E-4AF3AC0D142B}.Release|x64.ActiveCfg = Release|x64
		{58558218-06D1-48BA-A86E-4AF3AC0D142B}.Release|x64.Build.0 = Release|x64
		{58558218-06D1-48BA-A86E-4AF3AC0D142B}.Release|x86.ActiveCfg = Release|Win32
		{58558218-06D1-48BA-A86E-4AF3AC0D142B}.Release|x86.Build.0 = Release|Win32
	EndGlobalSection
	GlobalSection(SolutionProperties) = preSolution
		HideSolutionNode = FALSE
	EndGlobalSection
	GlobalSection(ExtensibilityGlobals) = postSolution
		SolutionGuid = {68827EE5-A50A-4752-8559-A6DE6C9F052E}
	EndGlobalSection
EndGlobal
