
Microsoft Visual Studio Solution File, Format Version 12.00
# Visual Studio 15
VisualStudioVersion = 15.0.28307.2092
MinimumVisualStudioVersion = 10.0.40219.1
Project("{8BC9CEB8-8B4A-11D0-8D11-00A0C91BC942}") = "Aeroplane Bombing", "Aeroplane Bombing\Aeroplane Bombing.vcxproj", "{D180940B-4D7F-4AE6-A3C2-BA60EB6798D2}"
EndProject
Global
	GlobalSection(SolutionConfigurationPlatforms) = preSolution
		Debug|x64 = Debug|x64
		Debug|x86 = Debug|x86
		Release|x64 = Release|x64
		Release|x86 = Release|x86
	EndGlobalSection
	GlobalSection(ProjectConfigurationPlatforms) = postSolution
		{D180940B-4D7F-4AE6-A3C2-BA60EB6798D2}.Debug|x64.ActiveCfg = Debug|x64
		{D180940B-4D7F-4AE6-A3C2-BA60EB6798D2}.Debug|x64.Build.0 = Debug|x64
		{D180940B-4D7F-4AE6-A3C2-BA60EB6798D2}.Debug|x86.ActiveCfg = Debug|Win32
		{D180940B-4D7F-4AE6-A3C2-BA60EB6798D2}.Debug|x86.Build.0 = Debug|Win32
		{D180940B-4D7F-4AE6-A3C2-BA60EB6798D2}.Release|x64.ActiveCfg = Release|x64
		{D180940B-4D7F-4AE6-A3C2-BA60EB6798D2}.Release|x64.Build.0 = Release|x64
		{D180940B-4D7F-4AE6-A3C2-BA60EB6798D2}.Release|x86.ActiveCfg = Release|Win32
		{D180940B-4D7F-4AE6-A3C2-BA60EB6798D2}.Release|x86.Build.0 = Release|Win32
	EndGlobalSection
	GlobalSection(SolutionProperties) = preSolution
		HideSolutionNode = FALSE
	EndGlobalSection
	GlobalSection(ExtensibilityGlobals) = postSolution
		SolutionGuid = {D090E6F5-0DB0-4213-AA2D-407D3BD498AB}
	EndGlobalSection
EndGlobal
