
Microsoft Visual Studio Solution File, Format Version 12.00
# Visual Studio 15
VisualStudioVersion = 15.0.28307.2092
MinimumVisualStudioVersion = 10.0.40219.1
Project("{8BC9CEB8-8B4A-11D0-8D11-00A0C91BC942}") = "FisherMan", "FisherMan\FisherMan.vcxproj", "{5042C7FC-90DB-4E9F-BCF9-5F840DA08BEE}"
EndProject
Global
	GlobalSection(SolutionConfigurationPlatforms) = preSolution
		Debug|x64 = Debug|x64
		Debug|x86 = Debug|x86
		Release|x64 = Release|x64
		Release|x86 = Release|x86
	EndGlobalSection
	GlobalSection(ProjectConfigurationPlatforms) = postSolution
		{5042C7FC-90DB-4E9F-BCF9-5F840DA08BEE}.Debug|x64.ActiveCfg = Debug|x64
		{5042C7FC-90DB-4E9F-BCF9-5F840DA08BEE}.Debug|x64.Build.0 = Debug|x64
		{5042C7FC-90DB-4E9F-BCF9-5F840DA08BEE}.Debug|x86.ActiveCfg = Debug|Win32
		{5042C7FC-90DB-4E9F-BCF9-5F840DA08BEE}.Debug|x86.Build.0 = Debug|Win32
		{5042C7FC-90DB-4E9F-BCF9-5F840DA08BEE}.Release|x64.ActiveCfg = Release|x64
		{5042C7FC-90DB-4E9F-BCF9-5F840DA08BEE}.Release|x64.Build.0 = Release|x64
		{5042C7FC-90DB-4E9F-BCF9-5F840DA08BEE}.Release|x86.ActiveCfg = Release|Win32
		{5042C7FC-90DB-4E9F-BCF9-5F840DA08BEE}.Release|x86.Build.0 = Release|Win32
	EndGlobalSection
	GlobalSection(SolutionProperties) = preSolution
		HideSolutionNode = FALSE
	EndGlobalSection
	GlobalSection(ExtensibilityGlobals) = postSolution
		SolutionGuid = {2A120E06-D4CB-4BDE-B26B-E14C604D81C3}
	EndGlobalSection
EndGlobal
