
Microsoft Visual Studio Solution File, Format Version 12.00
# Visual Studio 15
VisualStudioVersion = 15.0.28307.2092
MinimumVisualStudioVersion = 10.0.40219.1
Project("{8BC9CEB8-8B4A-11D0-8D11-00A0C91BC942}") = "doctor'sProbFinalDp", "doctor'sProbFinalDp\doctor'sProbFinalDp.vcxproj", "{15CA6A85-7769-43D6-9FA0-A9F126DC7622}"
EndProject
Global
	GlobalSection(SolutionConfigurationPlatforms) = preSolution
		Debug|x64 = Debug|x64
		Debug|x86 = Debug|x86
		Release|x64 = Release|x64
		Release|x86 = Release|x86
	EndGlobalSection
	GlobalSection(ProjectConfigurationPlatforms) = postSolution
		{15CA6A85-7769-43D6-9FA0-A9F126DC7622}.Debug|x64.ActiveCfg = Debug|x64
		{15CA6A85-7769-43D6-9FA0-A9F126DC7622}.Debug|x64.Build.0 = Debug|x64
		{15CA6A85-7769-43D6-9FA0-A9F126DC7622}.Debug|x86.ActiveCfg = Debug|Win32
		{15CA6A85-7769-43D6-9FA0-A9F126DC7622}.Debug|x86.Build.0 = Debug|Win32
		{15CA6A85-7769-43D6-9FA0-A9F126DC7622}.Release|x64.ActiveCfg = Release|x64
		{15CA6A85-7769-43D6-9FA0-A9F126DC7622}.Release|x64.Build.0 = Release|x64
		{15CA6A85-7769-43D6-9FA0-A9F126DC7622}.Release|x86.ActiveCfg = Release|Win32
		{15CA6A85-7769-43D6-9FA0-A9F126DC7622}.Release|x86.Build.0 = Release|Win32
	EndGlobalSection
	GlobalSection(SolutionProperties) = preSolution
		HideSolutionNode = FALSE
	EndGlobalSection
	GlobalSection(ExtensibilityGlobals) = postSolution
		SolutionGuid = {DFE1F49D-1574-4CB3-A6F7-378943729450}
	EndGlobalSection
EndGlobal
